# This file was autogenerated by uv via the following command:
#    uv pip compile D:/Code/Work_Code/projects/mini_pg_agent/requirements.txt -o D:/Code/Work_Code/projects/mini_pg_agent/requirements.lock
aiohappyeyeballs==2.7.1
    # via aiohttp
aiohttp==3.14.3
    # via litellm
aiosignal==1.4.0
    # via aiohttp
annotated-doc==0.0.5
    # via fastapi
annotated-types==0.8.0
    # via pydantic
anyio==4.15.1
    # via
    #   httpx
    #   httpx2
    #   langsmith
    #   mcp
    #   openai
    #   sse-starlette
    #   starlette
arq==0.28.0
    # via -r requirements.txt
asyncpg==0.31.0
    # via -r requirements.txt
attrs==26.1.0
    # via
    #   aiohttp
    #   jsonschema
    #   referencing
boto3==1.43.89
    # via litellm
botocore==1.43.89
    # via
    #   boto3
    #   s3transfer
certifi==2026.7.22
    # via
    #   httpcore
    #   httpx
    #   langchain-openai
    #   requests
cffi==2.1.1
    # via cryptography
charset-normalizer==3.5.1
    # via
    #   pdfminer-six
    #   requests
click==8.5.0
    # via
    #   arq
    #   huggingface-hub
    #   litellm
    #   uvicorn
colorama==0.4.6
    # via tqdm
cryptography==50.0.1
    # via
    #   pdfminer-six
    #   pyjwt
distro==1.9.0
    # via
    #   langsmith
    #   openai
fastapi==0.141.1
    # via -r requirements.txt
fastuuid==0.14.0
    # via litellm
filelock==3.32.5
    # via huggingface-hub
frozenlist==1.8.0
    # via
    #   aiohttp
    #   aiosignal
fsspec==2026.7.0
    # via huggingface-hub
h11==0.16.0
    # via
    #   httpcore
    #   httpcore2
    #   uvicorn
hf-xet==1.6.0
    # via huggingface-hub
hiredis==3.4.1
    # via redis
httpcore==1.0.9
    # via httpx
httpcore2==2.12.0
    # via httpx2
httpx==0.28.1
    # via
    #   -r requirements.txt
    #   huggingface-hub
    #   langchain-core
    #   langgraph-sdk
    #   litellm
    #   mcp
    #   openai
httpx-sse==0.4.3
    # via mcp
httpx2==2.12.0
    # via langsmith
huggingface-hub==1.30.0
    # via tokenizers
idna==3.19
    # via
    #   anyio
    #   httpx
    #   httpx2
    #   requests
    #   yarl
importlib-metadata==8.9.0
    # via litellm
jinja2==3.1.6
    # via litellm
jiter==0.16.0
    # via openai
jmespath==1.1.0
    # via
    #   boto3
    #   botocore
jsonpatch==1.33
    # via langchain-core
jsonpointer==3.1.1
    # via jsonpatch
jsonschema==4.26.0
    # via
    #   litellm
    #   mcp
jsonschema-specifications==2025.9.1
    # via jsonschema
langchain==1.4.0
    # via -r requirements.txt
langchain-core==1.6.2
    # via
    #   -r requirements.txt
    #   langchain
    #   langchain-mcp-adapters
    #   langchain-openai
    #   langgraph
    #   langgraph-checkpoint
    #   langgraph-prebuilt
    #   langgraph-sdk
langchain-mcp-adapters==0.3.2
    # via -r requirements.txt
langchain-openai==1.6.0
    # via -r requirements.txt
langchain-protocol==0.0.19
    # via
    #   langchain-core
    #   langgraph-sdk
langgraph==1.2.11
    # via
    #   -r requirements.txt
    #   langchain
langgraph-checkpoint==4.2.0
    # via
    #   langgraph
    #   langgraph-prebuilt
langgraph-prebuilt==1.1.0
    # via langgraph
langgraph-sdk==0.4.4
    # via langgraph
langsmith==0.12.2
    # via langchain-core
litellm==1.100.0
    # via -r requirements.txt
lxml==6.1.3
    # via
    #   python-docx
    #   python-pptx
markupsafe==3.0.3
    # via jinja2
mcp==1.30.0
    # via
    #   -r requirements.txt
    #   langchain-mcp-adapters
multidict==6.7.1
    # via
    #   aiohttp
    #   yarl
openai==2.54.0
    # via
    #   langchain-openai
    #   litellm
orjson==3.12.0
    # via
    #   langgraph-sdk
    #   langsmith
ormsgpack==1.12.2
    # via langgraph-checkpoint
packaging==26.3
    # via
    #   huggingface-hub
    #   langchain-core
    #   langsmith
pdfminer-six==20260107
    # via pdfplumber
pdfplumber==0.11.10
    # via -r requirements.txt
pgvector==0.5.0
    # via -r requirements.txt
pillow==12.3.0
    # via
    #   pdfplumber
    #   python-pptx
propcache==0.5.2
    # via
    #   aiohttp
    #   yarl
pycparser==3.0
    # via cffi
pydantic==2.13.5
    # via
    #   -r requirements.txt
    #   fastapi
    #   langchain
    #   langchain-core
    #   langgraph
    #   langsmith
    #   litellm
    #   mcp
    #   openai
    #   pydantic-settings
pydantic-core==2.46.5
    # via pydantic
pydantic-settings==2.15.0
    # via
    #   -r requirements.txt
    #   litellm
    #   mcp
pyjwt==2.13.0
    # via
    #   mcp
    #   redis
pypdfium2==5.13.0
    # via pdfplumber
python-dateutil==2.9.0.post0
    # via botocore
python-docx==1.2.0
    # via -r requirements.txt
python-dotenv==1.2.3
    # via
    #   litellm
    #   pydantic-settings
python-multipart==0.0.32
    # via mcp
python-pptx==1.0.2
    # via -r requirements.txt
pywin32==312
    # via mcp
pyyaml==6.0.3
    # via
    #   huggingface-hub
    #   langchain-core
redis==5.3.1
    # via
    #   -r requirements.txt
    #   arq
referencing==0.37.0
    # via
    #   jsonschema
    #   jsonschema-specifications
regex==2026.9.3
    # via tiktoken
requests==2.34.2
    # via
    #   langsmith
    #   requests-toolbelt
    #   tiktoken
requests-toolbelt==1.0.0
    # via langsmith
rpds-py==2026.6.3
    # via
    #   jsonschema
    #   referencing
s3transfer==0.19.2
    # via boto3
six==1.17.0
    # via python-dateutil
sniffio==1.3.1
    # via
    #   langsmith
    #   openai
sse-starlette==3.4.11
    # via mcp
starlette==1.6.0
    # via
    #   fastapi
    #   mcp
    #   sse-starlette
tenacity==9.1.4
    # via langchain-core
tiktoken==0.14.0
    # via
    #   langchain-openai
    #   litellm
tokenizers==0.23.2
    # via litellm
tqdm==4.70.0
    # via
    #   huggingface-hub
    #   openai
truststore==0.10.4
    # via
    #   httpcore2
    #   httpx2
typing-extensions==4.16.0
    # via
    #   aiohttp
    #   aiosignal
    #   anyio
    #   fastapi
    #   httpx2
    #   huggingface-hub
    #   langchain-core
    #   langchain-mcp-adapters
    #   langchain-protocol
    #   langsmith
    #   mcp
    #   openai
    #   pydantic
    #   pydantic-core
    #   python-docx
    #   python-pptx
    #   referencing
    #   starlette
    #   typing-inspection
typing-inspection==0.4.4
    # via
    #   fastapi
    #   mcp
    #   pydantic
    #   pydantic-settings
urllib3==2.7.0
    # via
    #   botocore
    #   requests
uuid-utils==0.17.1
    # via
    #   langchain-core
    #   langsmith
uvicorn==0.52.4
    # via
    #   -r requirements.txt
    #   mcp
websockets==16.1.1
    # via
    #   langgraph-sdk
    #   langsmith
xlsxwriter==3.2.9
    # via python-pptx
xxhash==4.0.1
    # via
    #   langgraph
    #   langsmith
yarl==1.24.5
    # via aiohttp
zipp==4.1.0
    # via importlib-metadata
zstandard==0.25.0
    # via langsmith
